<?xml version="1.0" encoding="utf-8"?>
<Project ToolsVersion="4.0" xmlns="http://schemas.microsoft.com/developer/msbuild/2003">
  <ItemGroup>
    <Filter Include="0_Engine">
      <UniqueIdentifier>{95952954-5597-4179-86d1-3abb75a32f2e}</UniqueIdentifier>
    </Filter>
    <Filter Include="10_etc">
      <UniqueIdentifier>{666dc039-7203-4c0c-aca7-a43a6aa2ade6}</UniqueIdentifier>
    </Filter>
    <Filter Include="2_Scene">
      <UniqueIdentifier>{c8109163-5012-4336-a283-ac8ddc1f7c14}</UniqueIdentifier>
    </Filter>
    <Filter Include="4_HLSL">
      <UniqueIdentifier>{f79c960a-0d9c-4a39-9ad9-0da6a0ef6eb7}</UniqueIdentifier>
    </Filter>
    <Filter Include="1_GameObjects">
      <UniqueIdentifier>{9975ed56-a073-4f7b-bc43-429763cd162f}</UniqueIdentifier>
    </Filter>
    <Filter Include="0_Engine\01_GamePlayEngine">
      <UniqueIdentifier>{5dd03d8d-eb06-4591-badd-3a53810b0f8a}</UniqueIdentifier>
    </Filter>
    <Filter Include="0_Engine\02_GraphicsEngine">
      <UniqueIdentifier>{b032b419-c102-45bf-8102-e4e3ca3903cc}</UniqueIdentifier>
    </Filter>
    <Filter Include="0_Engine\02_GraphicsEngine\021_Components">
      <UniqueIdentifier>{0eabc8e5-80b7-496a-926c-7e2bef5d6406}</UniqueIdentifier>
    </Filter>
  </ItemGroup>
  <ItemGroup>
    <None Include="packages.config">
      <Filter>10_etc</Filter>
    </None>
  </ItemGroup>
  <ItemGroup>
    <ClInclude Include="Engine.h">
      <Filter>0_Engine</Filter>
    </ClInclude>
    <ClInclude Include="Cube.h">
      <Filter>1_GameObjects</Filter>
    </ClInclude>
    <ClInclude Include="IObject.h">
      <Filter>1_GameObjects</Filter>
    </ClInclude>
    <ClInclude Include="Common.h">
      <Filter>0_Engine\02_GraphicsEngine</Filter>
    </ClInclude>
    <ClInclude Include="GamePlayEngine.h">
      <Filter>0_Engine\01_GamePlayEngine</Filter>
    </ClInclude>
    <ClInclude Include="Renderer.h">
      <Filter>0_Engine\02_GraphicsEngine\021_Components</Filter>
    </ClInclude>
    <ClInclude Include="Resources.h">
      <Filter>0_Engine\02_GraphicsEngine\021_Components</Filter>
    </ClInclude>
    <ClInclude Include="GameScene.h">
      <Filter>2_Scene</Filter>
    </ClInclude>
    <ClInclude Include="RenderScene.h">
      <Filter>2_Scene</Filter>
    </ClInclude>
    <ClInclude Include="IRenderable.h">
      <Filter>1_GameObjects</Filter>
    </ClInclude>
    <ClInclude Include="XLEngine.h" />
    <ClInclude Include="GraphicsEngine.h">
      <Filter>0_Engine\02_GraphicsEngine</Filter>
    </ClInclude>
  </ItemGroup>
  <ItemGroup>
    <ClCompile Include="Engine.cpp">
      <Filter>0_Engine</Filter>
    </ClCompile>
    <ClCompile Include="Cube.cpp">
      <Filter>1_GameObjects</Filter>
    </ClCompile>
    <ClCompile Include="IObject.cpp">
      <Filter>1_GameObjects</Filter>
    </ClCompile>
    <ClCompile Include="GamePlayEngine.cpp">
      <Filter>0_Engine\01_GamePlayEngine</Filter>
    </ClCompile>
    <ClCompile Include="Renderer.cpp">
      <Filter>0_Engine\02_GraphicsEngine\021_Components</Filter>
    </ClCompile>
    <ClCompile Include="Resources.cpp">
      <Filter>0_Engine\02_GraphicsEngine\021_Components</Filter>
    </ClCompile>
    <ClCompile Include="GameScene.cpp">
      <Filter>2_Scene</Filter>
    </ClCompile>
    <ClCompile Include="RenderScene.cpp">
      <Filter>2_Scene</Filter>
    </ClCompile>
    <ClCompile Include="IRenderable.cpp">
      <Filter>1_GameObjects</Filter>
    </ClCompile>
    <ClCompile Include="GraphicsEngine.cpp">
      <Filter>0_Engine\02_GraphicsEngine</Filter>
    </ClCompile>
  </ItemGroup>
  <ItemGroup>
    <FxCompile Include="VertexShader.hlsl">
      <Filter>4_HLSL</Filter>
    </FxCompile>
    <FxCompile Include="PixelShader.hlsl">
      <Filter>4_HLSL</Filter>
    </FxCompile>
  </ItemGroup>
</Project>